Microsoft Visual Studio Solution File, Format Version 12.00
# Visual Studio Version 17
VisualStudioVersion = 17.5.2.0
MinimumVisualStudioVersion = 10.0.40219.1
Project("{FAE04EC0-301F-11D3-BF4B-00C04F79EFBC}") = "Desafio-BackEnd", "Desafio-BackEnd.csproj", "{1F43DC0E-9276-3B58-1EC1-9FA9AE973E17}"
EndProject
Project("{FAE04EC0-301F-11D3-BF4B-00C04F79EFBC}") = "Desafio-Backend.Tests", "Tests\Desafio-Backend.Tests.csproj", "{77431F99-4732-4A6A-93C7-1C9DECB16D0E}"
EndProject
Global
	GlobalSection(SolutionConfigurationPlatforms) = preSolution
		Debug|Any CPU = Debug|Any CPU
		Release|Any CPU = Release|Any CPU
	EndGlobalSection
	GlobalSection(ProjectConfigurationPlatforms) = postSolution
		{1F43DC0E-9276-3B58-1EC1-9FA9AE973E17}.Debug|Any CPU.ActiveCfg = Debug|Any CPU
		{1F43DC0E-9276-3B58-1EC1-9FA9AE973E17}.Debug|Any CPU.Build.0 = Debug|Any CPU
		{1F43DC0E-9276-3B58-1EC1-9FA9AE973E17}.Release|Any CPU.ActiveCfg = Release|Any CPU
		{1F43DC0E-9276-3B58-1EC1-9FA9AE973E17}.Release|Any CPU.Build.0 = Release|Any CPU
		{77431F99-4732-4A6A-93C7-1C9DECB16D0E}.Debug|Any CPU.ActiveCfg = Debug|Any CPU
		{77431F99-4732-4A6A-93C7-1C9DECB16D0E}.Debug|Any CPU.Build.0 = Debug|Any CPU
		{77431F99-4732-4A6A-93C7-1C9DECB16D0E}.Release|Any CPU.ActiveCfg = Release|Any CPU
		{77431F99-4732-4A6A-93C7-1C9DECB16D0E}.Release|Any CPU.Build.0 = Release|Any CPU
	EndGlobalSection
	GlobalSection(SolutionProperties) = preSolution
		HideSolutionNode = FALSE
	EndGlobalSection
	GlobalSection(ExtensibilityGlobals) = postSolution
		SolutionGuid = {3DDF9FF5-DC82-4C12-B595-84D86A5683C1}
	EndGlobalSection
EndGlobal
